
Microsoft Visual Studio Solution File, Format Version 12.00
# Visual Studio Version 17
VisualStudioVersion = 17.14.36429.23
MinimumVisualStudioVersion = 10.0.40219.1
Project("{FAE04EC0-301F-11D3-BF4B-00C04F79EFBC}") = "Infrastructure", "Infrastructure\Infrastructure.csproj", "{BED06DFD-FA63-4734-AAA8-67EEB293763D}"
EndProject
Project("{FAE04EC0-301F-11D3-BF4B-00C04F79EFBC}") = "Presentation.ConsoleApp", "Presentation.Console\Presentation.ConsoleApp.csproj", "{AA15F033-5B94-47EC-981F-5104210D0BBC}"
EndProject
Project("{FAE04EC0-301F-11D3-BF4B-00C04F79EFBC}") = "Presentation.WPF", "Presentation.WPF\Presentation.WPF.csproj", "{C9959C38-C0C0-4F21-9302-E4F33ED6C4A3}"
EndProject
Project("{FAE04EC0-301F-11D3-BF4B-00C04F79EFBC}") = "Infrastructure.Tests", "Infrastructure.Tests\Infrastructure.Tests.csproj", "{F68EB6CA-FB03-48EA-AE81-94E25BA2D816}"
EndProject
Global
	GlobalSection(SolutionConfigurationPlatforms) = preSolution
		Debug|Any CPU = Debug|Any CPU
		Release|Any CPU = Release|Any CPU
	EndGlobalSection
	GlobalSection(ProjectConfigurationPlatforms) = postSolution
		{BED06DFD-FA63-4734-AAA8-67EEB293763D}.Debug|Any CPU.ActiveCfg = Debug|Any CPU
		{BED06DFD-FA63-4734-AAA8-67EEB293763D}.Debug|Any CPU.Build.0 = Debug|Any CPU
		{BED06DFD-FA63-4734-AAA8-67EEB293763D}.Release|Any CPU.ActiveCfg = Release|Any CPU
		{BED06DFD-FA63-4734-AAA8-67EEB293763D}.Release|Any CPU.Build.0 = Release|Any CPU
		{AA15F033-5B94-47EC-981F-5104210D0BBC}.Debug|Any CPU.ActiveCfg = Debug|Any CPU
		{AA15F033-5B94-47EC-981F-5104210D0BBC}.Debug|Any CPU.Build.0 = Debug|Any CPU
		{AA15F033-5B94-47EC-981F-5104210D0BBC}.Release|Any CPU.ActiveCfg = Release|Any CPU
		{AA15F033-5B94-47EC-981F-5104210D0BBC}.Release|Any CPU.Build.0 = Release|Any CPU
		{C9959C38-C0C0-4F21-9302-E4F33ED6C4A3}.Debug|Any CPU.ActiveCfg = Debug|Any CPU
		{C9959C38-C0C0-4F21-9302-E4F33ED6C4A3}.Debug|Any CPU.Build.0 = Debug|Any CPU
		{C9959C38-C0C0-4F21-9302-E4F33ED6C4A3}.Release|Any CPU.ActiveCfg = Release|Any CPU
		{C9959C38-C0C0-4F21-9302-E4F33ED6C4A3}.Release|Any CPU.Build.0 = Release|Any CPU
		{F68EB6CA-FB03-48EA-AE81-94E25BA2D816}.Debug|Any CPU.ActiveCfg = Debug|Any CPU
		{F68EB6CA-FB03-48EA-AE81-94E25BA2D816}.Debug|Any CPU.Build.0 = Debug|Any CPU
		{F68EB6CA-FB03-48EA-AE81-94E25BA2D816}.Release|Any CPU.ActiveCfg = Release|Any CPU
		{F68EB6CA-FB03-48EA-AE81-94E25BA2D816}.Release|Any CPU.Build.0 = Release|Any CPU
	EndGlobalSection
	GlobalSection(SolutionProperties) = preSolution
		HideSolutionNode = FALSE
	EndGlobalSection
	GlobalSection(ExtensibilityGlobals) = postSolution
		SolutionGuid = {170E1A21-DBEA-4B64-9899-034014D7A114}
	EndGlobalSection
EndGlobal
